
Microsoft Visual Studio Solution File, Format Version 12.00
# Visual Studio Version 16
VisualStudioVersion = 16.0.30128.74
MinimumVisualStudioVersion = 10.0.40219.1
Project("{FAE04EC0-301F-11D3-BF4B-00C04F79EFBC}") = "Base", "Base\Base.csproj", "{A0D69FA5-CBC1-4D96-9284-F0BFDD09F0D9}"
EndProject
Project("{FAE04EC0-301F-11D3-BF4B-00C04F79EFBC}") = "Derived", "Derived\Derived.csproj", "{D99C6F45-411C-4D72-9DA2-631165D28E00}"
EndProject
Global
	GlobalSection(SolutionConfigurationPlatforms) = preSolution
		Debug|Any CPU = Debug|Any CPU
		Release|Any CPU = Release|Any CPU
	EndGlobalSection
	GlobalSection(ProjectConfigurationPlatforms) = postSolution
		{A0D69FA5-CBC1-4D96-9284-F0BFDD09F0D9}.Debug|Any CPU.ActiveCfg = Debug|Any CPU
		{A0D69FA5-CBC1-4D96-9284-F0BFDD09F0D9}.Debug|Any CPU.Build.0 = Debug|Any CPU
		{A0D69FA5-CBC1-4D96-9284-F0BFDD09F0D9}.Release|Any CPU.ActiveCfg = Release|Any CPU
		{A0D69FA5-CBC1-4D96-9284-F0BFDD09F0D9}.Release|Any CPU.Build.0 = Release|Any CPU
		{D99C6F45-411C-4D72-9DA2-631165D28E00}.Debug|Any CPU.ActiveCfg = Debug|Any CPU
		{D99C6F45-411C-4D72-9DA2-631165D28E00}.Debug|Any CPU.Build.0 = Debug|Any CPU
		{D99C6F45-411C-4D72-9DA2-631165D28E00}.Release|Any CPU.ActiveCfg = Release|Any CPU
		{D99C6F45-411C-4D72-9DA2-631165D28E00}.Release|Any CPU.Build.0 = Release|Any CPU
	EndGlobalSection
	GlobalSection(SolutionProperties) = preSolution
		HideSolutionNode = FALSE
	EndGlobalSection
	GlobalSection(ExtensibilityGlobals) = postSolution
		SolutionGuid = {56DB11E1-4C25-4CDE-BA02-C6E745F8CDD5}
	EndGlobalSection
EndGlobal
